// !$*UTF8*$!
{
	archiveVersion = 1;
	classes = {
	};
	objectVersion = 50;
	objects = {

/* Begin PBXBuildFile section */
		00825E0D25E8957E0036E1F8 /* AppDelegate.swift in Sources */ = {isa = PBXBuildFile; fileRef = 00825E0C25E8957E0036E1F8 /* AppDelegate.swift */; };
		00825E0F25E8957E0036E1F8 /* SceneDelegate.swift in Sources */ = {isa = PBXBuildFile; fileRef = 00825E0E25E8957E0036E1F8 /* SceneDelegate.swift */; };
		00825E1125E8957E0036E1F8 /* CropViewController.swift in Sources */ = {isa = PBXBuildFile; fileRef = 00825E1025E8957E0036E1F8 /* CropViewController.swift */; };
		00825E1425E8957E0036E1F8 /* Main.storyboard in Resources */ = {isa = PBXBuildFile; fileRef = 00825E1225E8957E0036E1F8 /* Main.storyboard */; };
		00825E1625E8957F0036E1F8 /* Assets.xcassets in Resources */ = {isa = PBXBuildFile; fileRef = 00825E1525E8957F0036E1F8 /* Assets.xcassets */; };
		00825E1925E8957F0036E1F8 /* LaunchScreen.storyboard in Resources */ = {isa = PBXBuildFile; fileRef = 00825E1725E8957F0036E1F8 /* LaunchScreen.storyboard */; };
		00825E2625E896740036E1F8 /* AppCoordinator.swift in Sources */ = {isa = PBXBuildFile; fileRef = 00825E2525E896740036E1F8 /* AppCoordinator.swift */; };
		00825E2A25E897030036E1F8 /* CropViewCoordinator.swift in Sources */ = {isa = PBXBuildFile; fileRef = 00825E2925E897030036E1F8 /* CropViewCoordinator.swift */; };
		00825E2E25E897410036E1F8 /* UIViewController+Extensions.swift in Sources */ = {isa = PBXBuildFile; fileRef = 00825E2D25E897410036E1F8 /* UIViewController+Extensions.swift */; };
		00825E3425E898040036E1F8 /* CropViewModel.swift in Sources */ = {isa = PBXBuildFile; fileRef = 00825E3325E898040036E1F8 /* CropViewModel.swift */; };
		0082771C25E8A989004AFD82 /* ImagePickerManager.swift in Sources */ = {isa = PBXBuildFile; fileRef = 0082771B25E8A989004AFD82 /* ImagePickerManager.swift */; };
		008F3A4825EA956500A8B511 /* Constants.swift in Sources */ = {isa = PBXBuildFile; fileRef = 008F3A4725EA956500A8B511 /* Constants.swift */; };
		00F7730325EA15FF00425619 /* CircleCropScrollView.swift in Sources */ = {isa = PBXBuildFile; fileRef = 00F7730125EA15FF00425619 /* CircleCropScrollView.swift */; };
		00F7730425EA15FF00425619 /* CircleCropViewController.swift in Sources */ = {isa = PBXBuildFile; fileRef = 00F7730225EA15FF00425619 /* CircleCropViewController.swift */; };
		00F7730925EA16E300425619 /* CircleCropCutterView.swift in Sources */ = {isa = PBXBuildFile; fileRef = 00F7730825EA16E300425619 /* CircleCropCutterView.swift */; };
		30BEC1BD25EAFE9100CC169B /* UIView+Extensions.swift in Sources */ = {isa = PBXBuildFile; fileRef = 0082771825E8A2E9004AFD82 /* UIView+Extensions.swift */; };
		30BEC1C025EAFEAB00CC169B /* UIView+Size.swift in Sources */ = {isa = PBXBuildFile; fileRef = 30BEC1BF25EAFEAB00CC169B /* UIView+Size.swift */; };
/* End PBXBuildFile section */

/* Begin PBXFileReference section */
		00825E0925E8957E0036E1F8 /* CropIt.app */ = {isa = PBXFileReference; explicitFileType = wrapper.application; includeInIndex = 0; path = CropIt.app; sourceTree = BUILT_PRODUCTS_DIR; };
		00825E0C25E8957E0036E1F8 /* AppDelegate.swift */ = {isa = PBXFileReference; lastKnownFileType = sourcecode.swift; path = AppDelegate.swift; sourceTree = "<group>"; };
		00825E0E25E8957E0036E1F8 /* SceneDelegate.swift */ = {isa = PBXFileReference; lastKnownFileType = sourcecode.swift; path = SceneDelegate.swift; sourceTree = "<group>"; };
		00825E1025E8957E0036E1F8 /* CropViewController.swift */ = {isa = PBXFileReference; lastKnownFileType = sourcecode.swift; path = CropViewController.swift; sourceTree = "<group>"; };
		00825E1325E8957E0036E1F8 /* Base */ = {isa = PBXFileReference; lastKnownFileType = file.storyboard; name = Base; path = Base.lproj/Main.storyboard; sourceTree = "<group>"; };
		00825E1525E8957F0036E1F8 /* Assets.xcassets */ = {isa = PBXFileReference; lastKnownFileType = folder.assetcatalog; path = Assets.xcassets; sourceTree = "<group>"; };
		00825E1825E8957F0036E1F8 /* Base */ = {isa = PBXFileReference; lastKnownFileType = file.storyboard; name = Base; path = Base.lproj/LaunchScreen.storyboard; sourceTree = "<group>"; };
		00825E1A25E8957F0036E1F8 /* Info.plist */ = {isa = PBXFileReference; lastKnownFileType = text.plist.xml; path = Info.plist; sourceTree = "<group>"; };
		00825E2525E896740036E1F8 /* AppCoordinator.swift */ = {isa = PBXFileReference; lastKnownFileType = sourcecode.swift; path = AppCoordinator.swift; sourceTree = "<group>"; };
		00825E2925E897030036E1F8 /* CropViewCoordinator.swift */ = {isa = PBXFileReference; lastKnownFileType = sourcecode.swift; path = CropViewCoordinator.swift; sourceTree = "<group>"; };
		00825E2D25E897410036E1F8 /* UIViewController+Extensions.swift */ = {isa = PBXFileReference; lastKnownFileType = sourcecode.swift; path = "UIViewController+Extensions.swift"; sourceTree = "<group>"; };
		00825E3325E898040036E1F8 /* CropViewModel.swift */ = {isa = PBXFileReference; lastKnownFileType = sourcecode.swift; path = CropViewModel.swift; sourceTree = "<group>"; };
		0082771825E8A2E9004AFD82 /* UIView+Extensions.swift */ = {isa = PBXFileReference; lastKnownFileType = sourcecode.swift; path = "UIView+Extensions.swift"; sourceTree = "<group>"; };
		0082771B25E8A989004AFD82 /* ImagePickerManager.swift */ = {isa = PBXFileReference; lastKnownFileType = sourcecode.swift; path = ImagePickerManager.swift; sourceTree = "<group>"; };
		008F3A4725EA956500A8B511 /* Constants.swift */ = {isa = PBXFileReference; lastKnownFileType = sourcecode.swift; path = Constants.swift; sourceTree = "<group>"; };
		00F7730125EA15FF00425619 /* CircleCropScrollView.swift */ = {isa = PBXFileReference; fileEncoding = 4; lastKnownFileType = sourcecode.swift; path = CircleCropScrollView.swift; sourceTree = "<group>"; };
		00F7730225EA15FF00425619 /* CircleCropViewController.swift */ = {isa = PBXFileReference; fileEncoding = 4; lastKnownFileType = sourcecode.swift; path = CircleCropViewController.swift; sourceTree = "<group>"; };
		00F7730825EA16E300425619 /* CircleCropCutterView.swift */ = {isa = PBXFileReference; fileEncoding = 4; lastKnownFileType = sourcecode.swift; path = CircleCropCutterView.swift; sourceTree = "<group>"; };
		30BEC1BF25EAFEAB00CC169B /* UIView+Size.swift */ = {isa = PBXFileReference; fileEncoding = 4; lastKnownFileType = sourcecode.swift; name = "UIView+Size.swift"; path = "../../../CropIt2/CropIt/Extensions/UIView+Size.swift"; sourceTree = "<group>"; };
/* End PBXFileReference section */

/* Begin PBXFrameworksBuildPhase section */
		00825E0625E8957E0036E1F8 /* Frameworks */ = {
			isa = PBXFrameworksBuildPhase;
			buildActionMask = 2147483647;
			files = (
			);
			runOnlyForDeploymentPostprocessing = 0;
		};
/* End PBXFrameworksBuildPhase section */

/* Begin PBXGroup section */
		00825E0025E8957E0036E1F8 = {
			isa = PBXGroup;
			children = (
				00825E0B25E8957E0036E1F8 /* CropIt */,
				00825E0A25E8957E0036E1F8 /* Products */,
			);
			sourceTree = "<group>";
		};
		00825E0A25E8957E0036E1F8 /* Products */ = {
			isa = PBXGroup;
			children = (
				00825E0925E8957E0036E1F8 /* CropIt.app */,
			);
			name = Products;
			sourceTree = "<group>";
		};
		00825E0B25E8957E0036E1F8 /* CropIt */ = {
			isa = PBXGroup;
			children = (
				00F7730025EA15EF00425619 /* View */,
				00825E3125E8978C0036E1F8 /* Controllers */,
				00825E3025E897800036E1F8 /* ViewModel */,
				00825E2425E8964D0036E1F8 /* Coordinator */,
				00825E2C25E8972A0036E1F8 /* Extensions */,
				00825E0C25E8957E0036E1F8 /* AppDelegate.swift */,
				00825E0E25E8957E0036E1F8 /* SceneDelegate.swift */,
				00825E1225E8957E0036E1F8 /* Main.storyboard */,
				00825E1525E8957F0036E1F8 /* Assets.xcassets */,
				00825E1725E8957F0036E1F8 /* LaunchScreen.storyboard */,
				00825E1A25E8957F0036E1F8 /* Info.plist */,
				008F3A4725EA956500A8B511 /* Constants.swift */,
			);
			path = CropIt;
			sourceTree = "<group>";
		};
		00825E2425E8964D0036E1F8 /* Coordinator */ = {
			isa = PBXGroup;
			children = (
				00825E2525E896740036E1F8 /* AppCoordinator.swift */,
				00825E2925E897030036E1F8 /* CropViewCoordinator.swift */,
			);
			path = Coordinator;
			sourceTree = "<group>";
		};
		00825E2C25E8972A0036E1F8 /* Extensions */ = {
			isa = PBXGroup;
			children = (
				30BEC1BF25EAFEAB00CC169B /* UIView+Size.swift */,
				00825E2D25E897410036E1F8 /* UIViewController+Extensions.swift */,
				0082771825E8A2E9004AFD82 /* UIView+Extensions.swift */,
			);
			path = Extensions;
			sourceTree = "<group>";
		};
		00825E3025E897800036E1F8 /* ViewModel */ = {
			isa = PBXGroup;
			children = (
				00825E3325E898040036E1F8 /* CropViewModel.swift */,
				0082771B25E8A989004AFD82 /* ImagePickerManager.swift */,
			);
			path = ViewModel;
			sourceTree = "<group>";
		};
		00825E3125E8978C0036E1F8 /* Controllers */ = {
			isa = PBXGroup;
			children = (
				00F7730225EA15FF00425619 /* CircleCropViewController.swift */,
				00825E1025E8957E0036E1F8 /* CropViewController.swift */,
			);
			path = Controllers;
			sourceTree = "<group>";
		};
		00F7730025EA15EF00425619 /* View */ = {
			isa = PBXGroup;
			children = (
				00F7730825EA16E300425619 /* CircleCropCutterView.swift */,
				00F7730125EA15FF00425619 /* CircleCropScrollView.swift */,
			);
			path = View;
			sourceTree = "<group>";
		};
/* End PBXGroup section */

/* Begin PBXNativeTarget section */
		00825E0825E8957E0036E1F8 /* CropIt */ = {
			isa = PBXNativeTarget;
			buildConfigurationList = 00825E1D25E895800036E1F8 /* Build configuration list for PBXNativeTarget "CropIt" */;
			buildPhases = (
				00825E0525E8957E0036E1F8 /* Sources */,
				00825E0625E8957E0036E1F8 /* Frameworks */,
				00825E0725E8957E0036E1F8 /* Resources */,
			);
			buildRules = (
			);
			dependencies = (
			);
			name = CropIt;
			productName = CropIt;
			productReference = 00825E0925E8957E0036E1F8 /* CropIt.app */;
			productType = "com.apple.product-type.application";
		};
/* End PBXNativeTarget section */

/* Begin PBXProject section */
		00825E0125E8957E0036E1F8 /* Project object */ = {
			isa = PBXProject;
			attributes = {
				LastSwiftUpdateCheck = 1240;
				LastUpgradeCheck = 1240;
				TargetAttributes = {
					00825E0825E8957E0036E1F8 = {
						CreatedOnToolsVersion = 12.4;
					};
				};
			};
			buildConfigurationList = 00825E0425E8957E0036E1F8 /* Build configuration list for PBXProject "CropIt" */;
			compatibilityVersion = "Xcode 9.3";
			developmentRegion = en;
			hasScannedForEncodings = 0;
			knownRegions = (
				en,
				Base,
			);
			mainGroup = 00825E0025E8957E0036E1F8;
			productRefGroup = 00825E0A25E8957E0036E1F8 /* Products */;
			projectDirPath = "";
			projectRoot = "";
			targets = (
				00825E0825E8957E0036E1F8 /* CropIt */,
			);
		};
/* End PBXProject section */

/* Begin PBXResourcesBuildPhase section */
		00825E0725E8957E0036E1F8 /* Resources */ = {
			isa = PBXResourcesBuildPhase;
			buildActionMask = 2147483647;
			files = (
				00825E1925E8957F0036E1F8 /* LaunchScreen.storyboard in Resources */,
				00825E1625E8957F0036E1F8 /* Assets.xcassets in Resources */,
				00825E1425E8957E0036E1F8 /* Main.storyboard in Resources */,
			);
			runOnlyForDeploymentPostprocessing = 0;
		};
/* End PBXResourcesBuildPhase section */

/* Begin PBXSourcesBuildPhase section */
		00825E0525E8957E0036E1F8 /* Sources */ = {
			isa = PBXSourcesBuildPhase;
			buildActionMask = 2147483647;
			files = (
				30BEC1BD25EAFE9100CC169B /* UIView+Extensions.swift in Sources */,
				00825E2625E896740036E1F8 /* AppCoordinator.swift in Sources */,
				00F7730425EA15FF00425619 /* CircleCropViewController.swift in Sources */,
				00F7730325EA15FF00425619 /* CircleCropScrollView.swift in Sources */,
				00825E2A25E897030036E1F8 /* CropViewCoordinator.swift in Sources */,
				00825E1125E8957E0036E1F8 /* CropViewController.swift in Sources */,
				00825E3425E898040036E1F8 /* CropViewModel.swift in Sources */,
				00825E0D25E8957E0036E1F8 /* AppDelegate.swift in Sources */,
				008F3A4825EA956500A8B511 /* Constants.swift in Sources */,
				0082771C25E8A989004AFD82 /* ImagePickerManager.swift in Sources */,
				00825E2E25E897410036E1F8 /* UIViewController+Extensions.swift in Sources */,
				30BEC1C025EAFEAB00CC169B /* UIView+Size.swift in Sources */,
				00825E0F25E8957E0036E1F8 /* SceneDelegate.swift in Sources */,
				00F7730925EA16E300425619 /* CircleCropCutterView.swift in Sources */,
			);
			runOnlyForDeploymentPostprocessing = 0;
		};
/* End PBXSourcesBuildPhase section */

/* Begin PBXVariantGroup section */
		00825E1225E8957E0036E1F8 /* Main.storyboard */ = {
			isa = PBXVariantGroup;
			children = (
				00825E1325E8957E0036E1F8 /* Base */,
			);
			name = Main.storyboard;
			sourceTree = "<group>";
		};
		00825E1725E8957F0036E1F8 /* LaunchScreen.storyboard */ = {
			isa = PBXVariantGroup;
			children = (
				00825E1825E8957F0036E1F8 /* Base */,
			);
			name = LaunchScreen.storyboard;
			sourceTree = "<group>";
		};
/* End PBXVariantGroup section */

/* Begin XCBuildConfiguration section */
		00825E1B25E8957F0036E1F8 /* Debug */ = {
			isa = XCBuildConfiguration;
			buildSettings = {
				ALWAYS_SEARCH_USER_PATHS = NO;
				CLANG_ANALYZER_NONNULL = YES;
				CLANG_ANALYZER_NUMBER_OBJECT_CONVERSION = YES_AGGRESSIVE;
				CLANG_CXX_LANGUAGE_STANDARD = "gnu++14";
				CLANG_CXX_LIBRARY = "libc++";
				CLANG_ENABLE_MODULES = YES;
				CLANG_ENABLE_OBJC_ARC = YES;
				CLANG_ENABLE_OBJC_WEAK = YES;
				CLANG_WARN_BLOCK_CAPTURE_AUTORELEASING = YES;
				CLANG_WARN_BOOL_CONVERSION = YES;
				CLANG_WARN_COMMA = YES;
				CLANG_WARN_CONSTANT_CONVERSION = YES;
				CLANG_WARN_DEPRECATED_OBJC_IMPLEMENTATIONS = YES;
				CLANG_WARN_DIRECT_OBJC_ISA_USAGE = YES_ERROR;
				CLANG_WARN_DOCUMENTATION_COMMENTS = YES;
				CLANG_WARN_EMPTY_BODY = YES;
				CLANG_WARN_ENUM_CONVERSION = YES;
				CLANG_WARN_INFINITE_RECURSION = YES;
				CLANG_WARN_INT_CONVERSION = YES;
				CLANG_WARN_NON_LITERAL_NULL_CONVERSION = YES;
				CLANG_WARN_OBJC_IMPLICIT_RETAIN_SELF = YES;
				CLANG_WARN_OBJC_LITERAL_CONVERSION = YES;
				CLANG_WARN_OBJC_ROOT_CLASS = YES_ERROR;
				CLANG_WARN_QUOTED_INCLUDE_IN_FRAMEWORK_HEADER = YES;
				CLANG_WARN_RANGE_LOOP_ANALYSIS = YES;
				CLANG_WARN_STRICT_PROTOTYPES = YES;
				CLANG_WARN_SUSPICIOUS_MOVE = YES;
				CLANG_WARN_UNGUARDED_AVAILABILITY = YES_AGGRESSIVE;
				CLANG_WARN_UNREACHABLE_CODE = YES;
				CLANG_WARN__DUPLICATE_METHOD_MATCH = YES;
				COPY_PHASE_STRIP = NO;
				DEBUG_INFORMATION_FORMAT = dwarf;
				ENABLE_STRICT_OBJC_MSGSEND = YES;
				ENABLE_TESTABILITY = YES;
				GCC_C_LANGUAGE_STANDARD = gnu11;
				GCC_DYNAMIC_NO_PIC = NO;
				GCC_NO_COMMON_BLOCKS = YES;
				GCC_OPTIMIZATION_LEVEL = 0;
				GCC_PREPROCESSOR_DEFINITIONS = (
					"DEBUG=1",
					"$(inherited)",
				);
				GCC_WARN_64_TO_32_BIT_CONVERSION = YES;
				GCC_WARN_ABOUT_RETURN_TYPE = YES_ERROR;
				GCC_WARN_UNDECLARED_SELECTOR = YES;
				GCC_WARN_UNINITIALIZED_AUTOS = YES_AGGRESSIVE;
				GCC_WARN_UNUSED_FUNCTION = YES;
				GCC_WARN_UNUSED_VARIABLE = YES;
				IPHONEOS_DEPLOYMENT_TARGET = 14.1;
				MTL_ENABLE_DEBUG_INFO = INCLUDE_SOURCE;
				MTL_FAST_MATH = YES;
				ONLY_ACTIVE_ARCH = YES;
				SDKROOT = iphoneos;
				SWIFT_ACTIVE_COMPILATION_CONDITIONS = DEBUG;
				SWIFT_OPTIMIZATION_LEVEL = "-Onone";
			};
			name = Debug;
		};
		00825E1C25E895800036E1F8 /* Release */ = {
			isa = XCBuildConfiguration;
			buildSettings = {
				ALWAYS_SEARCH_USER_PATHS = NO;
				CLANG_ANALYZER_NONNULL = YES;
				CLANG_ANALYZER_NUMBER_OBJECT_CONVERSION = YES_AGGRESSIVE;
				CLANG_CXX_LANGUAGE_STANDARD = "gnu++14";
				CLANG_CXX_LIBRARY = "libc++";
				CLANG_ENABLE_MODULES = YES;
				CLANG_ENABLE_OBJC_ARC = YES;
				CLANG_ENABLE_OBJC_WEAK = YES;
				CLANG_WARN_BLOCK_CAPTURE_AUTORELEASING = YES;
				CLANG_WARN_BOOL_CONVERSION = YES;
				CLANG_WARN_COMMA = YES;
				CLANG_WARN_CONSTANT_CONVERSION = YES;
				CLANG_WARN_DEPRECATED_OBJC_IMPLEMENTATIONS = YES;
				CLANG_WARN_DIRECT_OBJC_ISA_USAGE = YES_ERROR;
				CLANG_WARN_DOCUMENTATION_COMMENTS = YES;
				CLANG_WARN_EMPTY_BODY = YES;
				CLANG_WARN_ENUM_CONVERSION = YES;
				CLANG_WARN_INFINITE_RECURSION = YES;
				CLANG_WARN_INT_CONVERSION = YES;
				CLANG_WARN_NON_LITERAL_NULL_CONVERSION = YES;
				CLANG_WARN_OBJC_IMPLICIT_RETAIN_SELF = YES;
				CLANG_WARN_OBJC_LITERAL_CONVERSION = YES;
				CLANG_WARN_OBJC_ROOT_CLASS = YES_ERROR;
				CLANG_WARN_QUOTED_INCLUDE_IN_FRAMEWORK_HEADER = YES;
				CLANG_WARN_RANGE_LOOP_ANALYSIS = YES;
				CLANG_WARN_STRICT_PROTOTYPES = YES;
				CLANG_WARN_SUSPICIOUS_MOVE = YES;
				CLANG_WARN_UNGUARDED_AVAILABILITY = YES_AGGRESSIVE;
				CLANG_WARN_UNREACHABLE_CODE = YES;
				CLANG_WARN__DUPLICATE_METHOD_MATCH = YES;
				COPY_PHASE_STRIP = NO;
				DEBUG_INFORMATION_FORMAT = "dwarf-with-dsym";
				ENABLE_NS_ASSERTIONS = NO;
				ENABLE_STRICT_OBJC_MSGSEND = YES;
				GCC_C_LANGUAGE_STANDARD = gnu11;
				GCC_NO_COMMON_BLOCKS = YES;
				GCC_WARN_64_TO_32_BIT_CONVERSION = YES;
				GCC_WARN_ABOUT_RETURN_TYPE = YES_ERROR;
				GCC_WARN_UNDECLARED_SELECTOR = YES;
				GCC_WARN_UNINITIALIZED_AUTOS = YES_AGGRESSIVE;
				GCC_WARN_UNUSED_FUNCTION = YES;
				GCC_WARN_UNUSED_VARIABLE = YES;
				IPHONEOS_DEPLOYMENT_TARGET = 14.1;
				MTL_ENABLE_DEBUG_INFO = NO;
				MTL_FAST_MATH = YES;
				SDKROOT = iphoneos;
				SWIFT_COMPILATION_MODE = wholemodule;
				SWIFT_OPTIMIZATION_LEVEL = "-O";
				VALIDATE_PRODUCT = YES;
			};
			name = Release;
		};
		00825E1E25E895800036E1F8 /* Debug */ = {
			isa = XCBuildConfiguration;
			buildSettings = {
				ASSETCATALOG_COMPILER_APPICON_NAME = AppIcon;
				ASSETCATALOG_COMPILER_GLOBAL_ACCENT_COLOR_NAME = AccentColor;
				CODE_SIGN_STYLE = Automatic;
				DEVELOPMENT_TEAM = W8YR43228J;
				INFOPLIST_FILE = CropIt/Info.plist;
				LD_RUNPATH_SEARCH_PATHS = (
					"$(inherited)",
					"@executable_path/Frameworks",
				);
				PRODUCT_BUNDLE_IDENTIFIER = com.test.CropIt;
				PRODUCT_NAME = "$(TARGET_NAME)";
				SWIFT_VERSION = 5.0;
				TARGETED_DEVICE_FAMILY = "1,2";
			};
			name = Debug;
		};
		00825E1F25E895800036E1F8 /* Release */ = {
			isa = XCBuildConfiguration;
			buildSettings = {
				ASSETCATALOG_COMPILER_APPICON_NAME = AppIcon;
				ASSETCATALOG_COMPILER_GLOBAL_ACCENT_COLOR_NAME = AccentColor;
				CODE_SIGN_STYLE = Automatic;
				DEVELOPMENT_TEAM = W8YR43228J;
				INFOPLIST_FILE = CropIt/Info.plist;
				LD_RUNPATH_SEARCH_PATHS = (
					"$(inherited)",
					"@executable_path/Frameworks",
				);
				PRODUCT_BUNDLE_IDENTIFIER = com.test.CropIt;
				PRODUCT_NAME = "$(TARGET_NAME)";
				SWIFT_VERSION = 5.0;
				TARGETED_DEVICE_FAMILY = "1,2";
			};
			name = Release;
		};
/* End XCBuildConfiguration section */

/* Begin XCConfigurationList section */
		00825E0425E8957E0036E1F8 /* Build configuration list for PBXProject "CropIt" */ = {
			isa = XCConfigurationList;
			buildConfigurations = (
				00825E1B25E8957F0036E1F8 /* Debug */,
				00825E1C25E895800036E1F8 /* Release */,
			);
			defaultConfigurationIsVisible = 0;
			defaultConfigurationName = Release;
		};
		00825E1D25E895800036E1F8 /* Build configuration list for PBXNativeTarget "CropIt" */ = {
			isa = XCConfigurationList;
			buildConfigurations = (
				00825E1E25E895800036E1F8 /* Debug */,
				00825E1F25E895800036E1F8 /* Release */,
			);
			defaultConfigurationIsVisible = 0;
			defaultConfigurationName = Release;
		};
/* End XCConfigurationList section */
	};
	rootObject = 00825E0125E8957E0036E1F8 /* Project object */;
}
